Microsoft Visual Studio Solution File, Format Version 12.00
# Visual Studio Version 17
VisualStudioVersion = 17.5.2.0
MinimumVisualStudioVersion = 10.0.40219.1
Project("{FAE04EC0-301F-11D3-BF4B-00C04F79EFBC}") = "VendasInEstoque", "VendasInEstoque.csproj", "{354418BC-413B-BA98-7B38-01C3EBA612C5}"
EndProject
Global
	GlobalSection(SolutionConfigurationPlatforms) = preSolution
		Debug|Any CPU = Debug|Any CPU
		Release|Any CPU = Release|Any CPU
	EndGlobalSection
	GlobalSection(ProjectConfigurationPlatforms) = postSolution
		{354418BC-413B-BA98-7B38-01C3EBA612C5}.Debug|Any CPU.ActiveCfg = Debug|Any CPU
		{354418BC-413B-BA98-7B38-01C3EBA612C5}.Debug|Any CPU.Build.0 = Debug|Any CPU
		{354418BC-413B-BA98-7B38-01C3EBA612C5}.Release|Any CPU.ActiveCfg = Release|Any CPU
		{354418BC-413B-BA98-7B38-01C3EBA612C5}.Release|Any CPU.Build.0 = Release|Any CPU
	EndGlobalSection
	GlobalSection(SolutionProperties) = preSolution
		HideSolutionNode = FALSE
	EndGlobalSection
	GlobalSection(ExtensibilityGlobals) = postSolution
		SolutionGuid = {850F3DD0-BB80-4FCE-836C-D8B2C25F0630}
	EndGlobalSection
EndGlobal
